
Microsoft Visual Studio Solution File, Format Version 12.00
# Visual Studio 15
VisualStudioVersion = 15.0.28307.705
MinimumVisualStudioVersion = 10.0.40219.1
Project("{FAE04EC0-301F-11D3-BF4B-00C04F79EFBC}") = "TelegramBotClient", "TelegramBotClient\TelegramBotClient.csproj", "{A7FF2662-8214-444A-B332-616CCEF0497D}"
EndProject
Global
	GlobalSection(SolutionConfigurationPlatforms) = preSolution
		Debug|Any CPU = Debug|Any CPU
		Release|Any CPU = Release|Any CPU
	EndGlobalSection
	GlobalSection(ProjectConfigurationPlatforms) = postSolution
		{A7FF2662-8214-444A-B332-616CCEF0497D}.Debug|Any CPU.ActiveCfg = Debug|Any CPU
		{A7FF2662-8214-444A-B332-616CCEF0497D}.Debug|Any CPU.Build.0 = Debug|Any CPU
		{A7FF2662-8214-444A-B332-616CCEF0497D}.Release|Any CPU.ActiveCfg = Release|Any CPU
		{A7FF2662-8214-444A-B332-616CCEF0497D}.Release|Any CPU.Build.0 = Release|Any CPU
	EndGlobalSection
	GlobalSection(SolutionProperties) = preSolution
		HideSolutionNode = FALSE
	EndGlobalSection
	GlobalSection(ExtensibilityGlobals) = postSolution
		SolutionGuid = {2DB38D62-F414-47DA-B228-55479D789B65}
	EndGlobalSection
EndGlobal
